// !$*UTF8*$!
{
	archiveVersion = 1;
	classes = {
	};
	objectVersion = 56;
	objects = {

/* Begin PBXBuildFile section */
		1A01BCD028E2D27C00E45109 /* MapEntities.swift in Sources */ = {isa = PBXBuildFile; fileRef = 1A01BCCF28E2D27C00E45109 /* MapEntities.swift */; };
		1A01BCD328E2D9FD00E45109 /* MapPresenter.swift in Sources */ = {isa = PBXBuildFile; fileRef = 1A01BCD228E2D9FD00E45109 /* MapPresenter.swift */; };
		1A01BCD728E2DA1F00E45109 /* MapInteractor.swift in Sources */ = {isa = PBXBuildFile; fileRef = 1A01BCD628E2DA1F00E45109 /* MapInteractor.swift */; };
		1A01BCD928E2DA2E00E45109 /* MapViewController.swift in Sources */ = {isa = PBXBuildFile; fileRef = 1A01BCD828E2DA2E00E45109 /* MapViewController.swift */; };
		1A01BCDB28E2DA5300E45109 /* PlaceInfoRouter.swift in Sources */ = {isa = PBXBuildFile; fileRef = 1A01BCDA28E2DA5300E45109 /* PlaceInfoRouter.swift */; };
		1A01BCDE28E2DA7400E45109 /* PlaceInfoPresenter.swift in Sources */ = {isa = PBXBuildFile; fileRef = 1A01BCDD28E2DA7400E45109 /* PlaceInfoPresenter.swift */; };
		1A01BCE028E2DA8700E45109 /* PlaceInfoViewController.swift in Sources */ = {isa = PBXBuildFile; fileRef = 1A01BCDF28E2DA8700E45109 /* PlaceInfoViewController.swift */; };
		1A01BCE228E2DA9200E45109 /* PlaceInfoEntities.swift in Sources */ = {isa = PBXBuildFile; fileRef = 1A01BCE128E2DA9200E45109 /* PlaceInfoEntities.swift */; };
		1A01BCE428E2DAA300E45109 /* PlaceInifoInteractor.swift in Sources */ = {isa = PBXBuildFile; fileRef = 1A01BCE328E2DAA300E45109 /* PlaceInifoInteractor.swift */; };
		1A01BCE628E2DACD00E45109 /* MapViewController.storyboard in Resources */ = {isa = PBXBuildFile; fileRef = 1A01BCE528E2DACD00E45109 /* MapViewController.storyboard */; };
		1A01BCE928E2DCA800E45109 /* MainInteractor.swift in Sources */ = {isa = PBXBuildFile; fileRef = 1A01BCE828E2DCA800E45109 /* MainInteractor.swift */; };
		1A01BCEB28E2DCB400E45109 /* MainEntities.swift in Sources */ = {isa = PBXBuildFile; fileRef = 1A01BCEA28E2DCB400E45109 /* MainEntities.swift */; };
		1A01BCED28E2DCBF00E45109 /* MainPresenter.swift in Sources */ = {isa = PBXBuildFile; fileRef = 1A01BCEC28E2DCBF00E45109 /* MainPresenter.swift */; };
		1A01BCEF28E2DCDB00E45109 /* MainRouter.swift in Sources */ = {isa = PBXBuildFile; fileRef = 1A01BCEE28E2DCDB00E45109 /* MainRouter.swift */; };
		1A01BCF128E2DD4500E45109 /* Presenterable.swift in Sources */ = {isa = PBXBuildFile; fileRef = 1A01BCF028E2DD4500E45109 /* Presenterable.swift */; };
		1A01BCF328E2DD8A00E45109 /* Interactorable.swift in Sources */ = {isa = PBXBuildFile; fileRef = 1A01BCF228E2DD8A00E45109 /* Interactorable.swift */; };
		1A44BF5F28DABA9500DAC390 /* Viewable.swift in Sources */ = {isa = PBXBuildFile; fileRef = 1A44BF5E28DABA9500DAC390 /* Viewable.swift */; };
		1A44BF6528DABC0900DAC390 /* Routerable.swift in Sources */ = {isa = PBXBuildFile; fileRef = 1A44BF6428DABC0900DAC390 /* Routerable.swift */; };
		1A5A238528E3E2F100B5AD58 /* LocationAPI.swift in Sources */ = {isa = PBXBuildFile; fileRef = 1A5A238428E3E2F100B5AD58 /* LocationAPI.swift */; };
		1A5F7F1428E179CB0076DA84 /* MapRouter.swift in Sources */ = {isa = PBXBuildFile; fileRef = 1A5F7F1328E179CB0076DA84 /* MapRouter.swift */; };
		1A6C151128D98BB500FEA44D /* AppDelegate.swift in Sources */ = {isa = PBXBuildFile; fileRef = 1A6C151028D98BB500FEA44D /* AppDelegate.swift */; };
		1A6C151328D98BB500FEA44D /* SceneDelegate.swift in Sources */ = {isa = PBXBuildFile; fileRef = 1A6C151228D98BB500FEA44D /* SceneDelegate.swift */; };
		1A6C151528D98BB500FEA44D /* ViewController.swift in Sources */ = {isa = PBXBuildFile; fileRef = 1A6C151428D98BB500FEA44D /* ViewController.swift */; };
		1A6C151828D98BB500FEA44D /* Main.storyboard in Resources */ = {isa = PBXBuildFile; fileRef = 1A6C151628D98BB500FEA44D /* Main.storyboard */; settings = {ASSET_TAGS = (scroll, ); }; };
		1A6C151A28D98BB700FEA44D /* Assets.xcassets in Resources */ = {isa = PBXBuildFile; fileRef = 1A6C151928D98BB700FEA44D /* Assets.xcassets */; };
		1A6C151D28D98BB700FEA44D /* LaunchScreen.storyboard in Resources */ = {isa = PBXBuildFile; fileRef = 1A6C151B28D98BB700FEA44D /* LaunchScreen.storyboard */; };
		1A6C152828D98BB700FEA44D /* SUUMO_App_DemoTests.swift in Sources */ = {isa = PBXBuildFile; fileRef = 1A6C152728D98BB700FEA44D /* SUUMO_App_DemoTests.swift */; };
		1A6C153228D98BB700FEA44D /* SUUMO_App_DemoUITests.swift in Sources */ = {isa = PBXBuildFile; fileRef = 1A6C153128D98BB700FEA44D /* SUUMO_App_DemoUITests.swift */; };
		1A6C153428D98BB700FEA44D /* SUUMO_App_DemoUITestsLaunchTests.swift in Sources */ = {isa = PBXBuildFile; fileRef = 1A6C153328D98BB700FEA44D /* SUUMO_App_DemoUITestsLaunchTests.swift */; };
/* End PBXBuildFile section */

/* Begin PBXContainerItemProxy section */
		1A6C152428D98BB700FEA44D /* PBXContainerItemProxy */ = {
			isa = PBXContainerItemProxy;
			containerPortal = 1A6C150528D98BB500FEA44D /* Project object */;
			proxyType = 1;
			remoteGlobalIDString = 1A6C150C28D98BB500FEA44D;
			remoteInfo = "SUUMO App Demo";
		};
		1A6C152E28D98BB700FEA44D /* PBXContainerItemProxy */ = {
			isa = PBXContainerItemProxy;
			containerPortal = 1A6C150528D98BB500FEA44D /* Project object */;
			proxyType = 1;
			remoteGlobalIDString = 1A6C150C28D98BB500FEA44D;
			remoteInfo = "SUUMO App Demo";
		};
/* End PBXContainerItemProxy section */

/* Begin PBXFileReference section */
		1A01BCCF28E2D27C00E45109 /* MapEntities.swift */ = {isa = PBXFileReference; lastKnownFileType = sourcecode.swift; path = MapEntities.swift; sourceTree = "<group>"; };
		1A01BCD228E2D9FD00E45109 /* MapPresenter.swift */ = {isa = PBXFileReference; lastKnownFileType = sourcecode.swift; path = MapPresenter.swift; sourceTree = "<group>"; };
		1A01BCD628E2DA1F00E45109 /* MapInteractor.swift */ = {isa = PBXFileReference; lastKnownFileType = sourcecode.swift; path = MapInteractor.swift; sourceTree = "<group>"; };
		1A01BCD828E2DA2E00E45109 /* MapViewController.swift */ = {isa = PBXFileReference; lastKnownFileType = sourcecode.swift; path = MapViewController.swift; sourceTree = "<group>"; };
		1A01BCDA28E2DA5300E45109 /* PlaceInfoRouter.swift */ = {isa = PBXFileReference; lastKnownFileType = sourcecode.swift; path = PlaceInfoRouter.swift; sourceTree = "<group>"; };
		1A01BCDD28E2DA7400E45109 /* PlaceInfoPresenter.swift */ = {isa = PBXFileReference; lastKnownFileType = sourcecode.swift; path = PlaceInfoPresenter.swift; sourceTree = "<group>"; };
		1A01BCDF28E2DA8700E45109 /* PlaceInfoViewController.swift */ = {isa = PBXFileReference; lastKnownFileType = sourcecode.swift; path = PlaceInfoViewController.swift; sourceTree = "<group>"; };
		1A01BCE128E2DA9200E45109 /* PlaceInfoEntities.swift */ = {isa = PBXFileReference; lastKnownFileType = sourcecode.swift; path = PlaceInfoEntities.swift; sourceTree = "<group>"; };
		1A01BCE328E2DAA300E45109 /* PlaceInifoInteractor.swift */ = {isa = PBXFileReference; lastKnownFileType = sourcecode.swift; path = PlaceInifoInteractor.swift; sourceTree = "<group>"; };
		1A01BCE528E2DACD00E45109 /* MapViewController.storyboard */ = {isa = PBXFileReference; lastKnownFileType = file.storyboard; path = MapViewController.storyboard; sourceTree = "<group>"; };
		1A01BCE828E2DCA800E45109 /* MainInteractor.swift */ = {isa = PBXFileReference; lastKnownFileType = sourcecode.swift; path = MainInteractor.swift; sourceTree = "<group>"; };
		1A01BCEA28E2DCB400E45109 /* MainEntities.swift */ = {isa = PBXFileReference; lastKnownFileType = sourcecode.swift; path = MainEntities.swift; sourceTree = "<group>"; };
		1A01BCEC28E2DCBF00E45109 /* MainPresenter.swift */ = {isa = PBXFileReference; lastKnownFileType = sourcecode.swift; path = MainPresenter.swift; sourceTree = "<group>"; };
		1A01BCEE28E2DCDB00E45109 /* MainRouter.swift */ = {isa = PBXFileReference; lastKnownFileType = sourcecode.swift; path = MainRouter.swift; sourceTree = "<group>"; };
		1A01BCF028E2DD4500E45109 /* Presenterable.swift */ = {isa = PBXFileReference; lastKnownFileType = sourcecode.swift; path = Presenterable.swift; sourceTree = "<group>"; };
		1A01BCF228E2DD8A00E45109 /* Interactorable.swift */ = {isa = PBXFileReference; lastKnownFileType = sourcecode.swift; path = Interactorable.swift; sourceTree = "<group>"; };
		1A44BF5E28DABA9500DAC390 /* Viewable.swift */ = {isa = PBXFileReference; lastKnownFileType = sourcecode.swift; path = Viewable.swift; sourceTree = "<group>"; };
		1A44BF6428DABC0900DAC390 /* Routerable.swift */ = {isa = PBXFileReference; lastKnownFileType = sourcecode.swift; path = Routerable.swift; sourceTree = "<group>"; };
		1A5A238428E3E2F100B5AD58 /* LocationAPI.swift */ = {isa = PBXFileReference; lastKnownFileType = sourcecode.swift; path = LocationAPI.swift; sourceTree = "<group>"; };
		1A5F7F1328E179CB0076DA84 /* MapRouter.swift */ = {isa = PBXFileReference; lastKnownFileType = sourcecode.swift; path = MapRouter.swift; sourceTree = "<group>"; };
		1A6C150D28D98BB500FEA44D /* SUUMO App Demo.app */ = {isa = PBXFileReference; explicitFileType = wrapper.application; includeInIndex = 0; path = "SUUMO App Demo.app"; sourceTree = BUILT_PRODUCTS_DIR; };
		1A6C151028D98BB500FEA44D /* AppDelegate.swift */ = {isa = PBXFileReference; lastKnownFileType = sourcecode.swift; path = AppDelegate.swift; sourceTree = "<group>"; };
		1A6C151228D98BB500FEA44D /* SceneDelegate.swift */ = {isa = PBXFileReference; lastKnownFileType = sourcecode.swift; path = SceneDelegate.swift; sourceTree = "<group>"; };
		1A6C151428D98BB500FEA44D /* ViewController.swift */ = {isa = PBXFileReference; lastKnownFileType = sourcecode.swift; path = ViewController.swift; sourceTree = "<group>"; };
		1A6C151728D98BB500FEA44D /* Base */ = {isa = PBXFileReference; lastKnownFileType = file.storyboard; name = Base; path = Base.lproj/Main.storyboard; sourceTree = "<group>"; };
		1A6C151928D98BB700FEA44D /* Assets.xcassets */ = {isa = PBXFileReference; lastKnownFileType = folder.assetcatalog; path = Assets.xcassets; sourceTree = "<group>"; };
		1A6C151C28D98BB700FEA44D /* Base */ = {isa = PBXFileReference; lastKnownFileType = file.storyboard; name = Base; path = Base.lproj/LaunchScreen.storyboard; sourceTree = "<group>"; };
		1A6C151E28D98BB700FEA44D /* Info.plist */ = {isa = PBXFileReference; lastKnownFileType = text.plist.xml; path = Info.plist; sourceTree = "<group>"; };
		1A6C152328D98BB700FEA44D /* SUUMO App DemoTests.xctest */ = {isa = PBXFileReference; explicitFileType = wrapper.cfbundle; includeInIndex = 0; path = "SUUMO App DemoTests.xctest"; sourceTree = BUILT_PRODUCTS_DIR; };
		1A6C152728D98BB700FEA44D /* SUUMO_App_DemoTests.swift */ = {isa = PBXFileReference; lastKnownFileType = sourcecode.swift; path = SUUMO_App_DemoTests.swift; sourceTree = "<group>"; };
		1A6C152D28D98BB700FEA44D /* SUUMO App DemoUITests.xctest */ = {isa = PBXFileReference; explicitFileType = wrapper.cfbundle; includeInIndex = 0; path = "SUUMO App DemoUITests.xctest"; sourceTree = BUILT_PRODUCTS_DIR; };
		1A6C153128D98BB700FEA44D /* SUUMO_App_DemoUITests.swift */ = {isa = PBXFileReference; lastKnownFileType = sourcecode.swift; path = SUUMO_App_DemoUITests.swift; sourceTree = "<group>"; };
		1A6C153328D98BB700FEA44D /* SUUMO_App_DemoUITestsLaunchTests.swift */ = {isa = PBXFileReference; lastKnownFileType = sourcecode.swift; path = SUUMO_App_DemoUITestsLaunchTests.swift; sourceTree = "<group>"; };
		1AEE191528E5295E005F9CCF /* locationData.json */ = {isa = PBXFileReference; lastKnownFileType = text.json; path = locationData.json; sourceTree = "<group>"; };
/* End PBXFileReference section */

/* Begin PBXFrameworksBuildPhase section */
		1A6C150A28D98BB500FEA44D /* Frameworks */ = {
			isa = PBXFrameworksBuildPhase;
			buildActionMask = 2147483647;
			files = (
			);
			runOnlyForDeploymentPostprocessing = 0;
		};
		1A6C152028D98BB700FEA44D /* Frameworks */ = {
			isa = PBXFrameworksBuildPhase;
			buildActionMask = 2147483647;
			files = (
			);
			runOnlyForDeploymentPostprocessing = 0;
		};
		1A6C152A28D98BB700FEA44D /* Frameworks */ = {
			isa = PBXFrameworksBuildPhase;
			buildActionMask = 2147483647;
			files = (
			);
			runOnlyForDeploymentPostprocessing = 0;
		};
/* End PBXFrameworksBuildPhase section */

/* Begin PBXGroup section */
		1A01BCD128E2D9E300E45109 /* MapView */ = {
			isa = PBXGroup;
			children = (
				1A5F7F1328E179CB0076DA84 /* MapRouter.swift */,
				1A01BCCF28E2D27C00E45109 /* MapEntities.swift */,
				1A01BCD228E2D9FD00E45109 /* MapPresenter.swift */,
				1A01BCD628E2DA1F00E45109 /* MapInteractor.swift */,
				1A01BCD828E2DA2E00E45109 /* MapViewController.swift */,
				1A01BCE528E2DACD00E45109 /* MapViewController.storyboard */,
			);
			path = MapView;
			sourceTree = "<group>";
		};
		1A01BCDC28E2DA5900E45109 /* PlaceInfo */ = {
			isa = PBXGroup;
			children = (
				1A01BCDA28E2DA5300E45109 /* PlaceInfoRouter.swift */,
				1A01BCDD28E2DA7400E45109 /* PlaceInfoPresenter.swift */,
				1A01BCDF28E2DA8700E45109 /* PlaceInfoViewController.swift */,
				1A01BCE128E2DA9200E45109 /* PlaceInfoEntities.swift */,
				1A01BCE328E2DAA300E45109 /* PlaceInifoInteractor.swift */,
			);
			path = PlaceInfo;
			sourceTree = "<group>";
		};
		1A01BCE728E2DC7900E45109 /* MainScreen */ = {
			isa = PBXGroup;
			children = (
				1A6C151428D98BB500FEA44D /* ViewController.swift */,
				1A01BCE828E2DCA800E45109 /* MainInteractor.swift */,
				1A01BCEA28E2DCB400E45109 /* MainEntities.swift */,
				1A01BCEC28E2DCBF00E45109 /* MainPresenter.swift */,
				1A01BCEE28E2DCDB00E45109 /* MainRouter.swift */,
				1A6C151628D98BB500FEA44D /* Main.storyboard */,
			);
			path = MainScreen;
			sourceTree = "<group>";
		};
		1A44BF5D28DAB73400DAC390 /* Screen */ = {
			isa = PBXGroup;
			children = (
				1A01BCE728E2DC7900E45109 /* MainScreen */,
				1A01BCD128E2D9E300E45109 /* MapView */,
				1A01BCDC28E2DA5900E45109 /* PlaceInfo */,
			);
			path = Screen;
			sourceTree = "<group>";
		};
		1A44BF6128DABA9F00DAC390 /* Protocols */ = {
			isa = PBXGroup;
			children = (
				1A44BF5E28DABA9500DAC390 /* Viewable.swift */,
				1A44BF6428DABC0900DAC390 /* Routerable.swift */,
				1A01BCF028E2DD4500E45109 /* Presenterable.swift */,
				1A01BCF228E2DD8A00E45109 /* Interactorable.swift */,
			);
			path = Protocols;
			sourceTree = "<group>";
		};
		1A5A238628E3E2F700B5AD58 /* APIs */ = {
			isa = PBXGroup;
			children = (
				1A5A238428E3E2F100B5AD58 /* LocationAPI.swift */,
			);
			path = APIs;
			sourceTree = "<group>";
		};
		1A6C150428D98BB500FEA44D = {
			isa = PBXGroup;
			children = (
				1A6C150F28D98BB500FEA44D /* SUUMO App Demo */,
				1A6C152628D98BB700FEA44D /* SUUMO App DemoTests */,
				1A6C153028D98BB700FEA44D /* SUUMO App DemoUITests */,
				1A6C150E28D98BB500FEA44D /* Products */,
			);
			sourceTree = "<group>";
		};
		1A6C150E28D98BB500FEA44D /* Products */ = {
			isa = PBXGroup;
			children = (
				1A6C150D28D98BB500FEA44D /* SUUMO App Demo.app */,
				1A6C152328D98BB700FEA44D /* SUUMO App DemoTests.xctest */,
				1A6C152D28D98BB700FEA44D /* SUUMO App DemoUITests.xctest */,
			);
			name = Products;
			sourceTree = "<group>";
		};
		1A6C150F28D98BB500FEA44D /* SUUMO App Demo */ = {
			isa = PBXGroup;
			children = (
				1A6C151028D98BB500FEA44D /* AppDelegate.swift */,
				1A6C151228D98BB500FEA44D /* SceneDelegate.swift */,
				1A5A238628E3E2F700B5AD58 /* APIs */,
				1A44BF6128DABA9F00DAC390 /* Protocols */,
				1A44BF5D28DAB73400DAC390 /* Screen */,
				1A6C151928D98BB700FEA44D /* Assets.xcassets */,
				1A6C151B28D98BB700FEA44D /* LaunchScreen.storyboard */,
				1A6C151E28D98BB700FEA44D /* Info.plist */,
				1AEE191528E5295E005F9CCF /* locationData.json */,
			);
			path = "SUUMO App Demo";
			sourceTree = "<group>";
		};
		1A6C152628D98BB700FEA44D /* SUUMO App DemoTests */ = {
			isa = PBXGroup;
			children = (
				1A6C152728D98BB700FEA44D /* SUUMO_App_DemoTests.swift */,
			);
			path = "SUUMO App DemoTests";
			sourceTree = "<group>";
		};
		1A6C153028D98BB700FEA44D /* SUUMO App DemoUITests */ = {
			isa = PBXGroup;
			children = (
				1A6C153128D98BB700FEA44D /* SUUMO_App_DemoUITests.swift */,
				1A6C153328D98BB700FEA44D /* SUUMO_App_DemoUITestsLaunchTests.swift */,
			);
			path = "SUUMO App DemoUITests";
			sourceTree = "<group>";
		};
/* End PBXGroup section */

/* Begin PBXNativeTarget section */
		1A6C150C28D98BB500FEA44D /* SUUMO App Demo */ = {
			isa = PBXNativeTarget;
			buildConfigurationList = 1A6C153728D98BB700FEA44D /* Build configuration list for PBXNativeTarget "SUUMO App Demo" */;
			buildPhases = (
				1A6C150928D98BB500FEA44D /* Sources */,
				1A6C150A28D98BB500FEA44D /* Frameworks */,
				1A6C150B28D98BB500FEA44D /* Resources */,
			);
			buildRules = (
			);
			dependencies = (
			);
			name = "SUUMO App Demo";
			productName = "SUUMO App Demo";
			productReference = 1A6C150D28D98BB500FEA44D /* SUUMO App Demo.app */;
			productType = "com.apple.product-type.application";
		};
		1A6C152228D98BB700FEA44D /* SUUMO App DemoTests */ = {
			isa = PBXNativeTarget;
			buildConfigurationList = 1A6C153A28D98BB700FEA44D /* Build configuration list for PBXNativeTarget "SUUMO App DemoTests" */;
			buildPhases = (
				1A6C151F28D98BB700FEA44D /* Sources */,
				1A6C152028D98BB700FEA44D /* Frameworks */,
				1A6C152128D98BB700FEA44D /* Resources */,
			);
			buildRules = (
			);
			dependencies = (
				1A6C152528D98BB700FEA44D /* PBXTargetDependency */,
			);
			name = "SUUMO App DemoTests";
			productName = "SUUMO App DemoTests";
			productReference = 1A6C152328D98BB700FEA44D /* SUUMO App DemoTests.xctest */;
			productType = "com.apple.product-type.bundle.unit-test";
		};
		1A6C152C28D98BB700FEA44D /* SUUMO App DemoUITests */ = {
			isa = PBXNativeTarget;
			buildConfigurationList = 1A6C153D28D98BB700FEA44D /* Build configuration list for PBXNativeTarget "SUUMO App DemoUITests" */;
			buildPhases = (
				1A6C152928D98BB700FEA44D /* Sources */,
				1A6C152A28D98BB700FEA44D /* Frameworks */,
				1A6C152B28D98BB700FEA44D /* Resources */,
			);
			buildRules = (
			);
			dependencies = (
				1A6C152F28D98BB700FEA44D /* PBXTargetDependency */,
			);
			name = "SUUMO App DemoUITests";
			productName = "SUUMO App DemoUITests";
			productReference = 1A6C152D28D98BB700FEA44D /* SUUMO App DemoUITests.xctest */;
			productType = "com.apple.product-type.bundle.ui-testing";
		};
/* End PBXNativeTarget section */

/* Begin PBXProject section */
		1A6C150528D98BB500FEA44D /* Project object */ = {
			isa = PBXProject;
			attributes = {
				BuildIndependentTargetsInParallel = 1;
				KnownAssetTags = (
					scroll,
				);
				LastSwiftUpdateCheck = 1400;
				LastUpgradeCheck = 1400;
				TargetAttributes = {
					1A6C150C28D98BB500FEA44D = {
						CreatedOnToolsVersion = 14.0;
					};
					1A6C152228D98BB700FEA44D = {
						CreatedOnToolsVersion = 14.0;
						TestTargetID = 1A6C150C28D98BB500FEA44D;
					};
					1A6C152C28D98BB700FEA44D = {
						CreatedOnToolsVersion = 14.0;
						TestTargetID = 1A6C150C28D98BB500FEA44D;
					};
				};
			};
			buildConfigurationList = 1A6C150828D98BB500FEA44D /* Build configuration list for PBXProject "SUUMO App Demo" */;
			compatibilityVersion = "Xcode 14.0";
			developmentRegion = en;
			hasScannedForEncodings = 0;
			knownRegions = (
				en,
				Base,
			);
			mainGroup = 1A6C150428D98BB500FEA44D;
			productRefGroup = 1A6C150E28D98BB500FEA44D /* Products */;
			projectDirPath = "";
			projectRoot = "";
			targets = (
				1A6C150C28D98BB500FEA44D /* SUUMO App Demo */,
				1A6C152228D98BB700FEA44D /* SUUMO App DemoTests */,
				1A6C152C28D98BB700FEA44D /* SUUMO App DemoUITests */,
			);
		};
/* End PBXProject section */

/* Begin PBXResourcesBuildPhase section */
		1A6C150B28D98BB500FEA44D /* Resources */ = {
			isa = PBXResourcesBuildPhase;
			buildActionMask = 2147483647;
			files = (
				1A01BCE628E2DACD00E45109 /* MapViewController.storyboard in Resources */,
				1A6C151D28D98BB700FEA44D /* LaunchScreen.storyboard in Resources */,
				1A6C151A28D98BB700FEA44D /* Assets.xcassets in Resources */,
				1A6C151828D98BB500FEA44D /* Main.storyboard in Resources */,
			);
			runOnlyForDeploymentPostprocessing = 0;
		};
		1A6C152128D98BB700FEA44D /* Resources */ = {
			isa = PBXResourcesBuildPhase;
			buildActionMask = 2147483647;
			files = (
			);
			runOnlyForDeploymentPostprocessing = 0;
		};
		1A6C152B28D98BB700FEA44D /* Resources */ = {
			isa = PBXResourcesBuildPhase;
			buildActionMask = 2147483647;
			files = (
			);
			runOnlyForDeploymentPostprocessing = 0;
		};
/* End PBXResourcesBuildPhase section */

/* Begin PBXSourcesBuildPhase section */
		1A6C150928D98BB500FEA44D /* Sources */ = {
			isa = PBXSourcesBuildPhase;
			buildActionMask = 2147483647;
			files = (
				1A01BCD728E2DA1F00E45109 /* MapInteractor.swift in Sources */,
				1A01BCF328E2DD8A00E45109 /* Interactorable.swift in Sources */,
				1A6C151528D98BB500FEA44D /* ViewController.swift in Sources */,
				1A44BF5F28DABA9500DAC390 /* Viewable.swift in Sources */,
				1A01BCD928E2DA2E00E45109 /* MapViewController.swift in Sources */,
				1A01BCE428E2DAA300E45109 /* PlaceInifoInteractor.swift in Sources */,
				1A01BCDE28E2DA7400E45109 /* PlaceInfoPresenter.swift in Sources */,
				1A6C151128D98BB500FEA44D /* AppDelegate.swift in Sources */,
				1A01BCD328E2D9FD00E45109 /* MapPresenter.swift in Sources */,
				1A01BCD028E2D27C00E45109 /* MapEntities.swift in Sources */,
				1A6C151328D98BB500FEA44D /* SceneDelegate.swift in Sources */,
				1A01BCDB28E2DA5300E45109 /* PlaceInfoRouter.swift in Sources */,
				1A01BCE028E2DA8700E45109 /* PlaceInfoViewController.swift in Sources */,
				1A44BF6528DABC0900DAC390 /* Routerable.swift in Sources */,
				1A01BCED28E2DCBF00E45109 /* MainPresenter.swift in Sources */,
				1A01BCF128E2DD4500E45109 /* Presenterable.swift in Sources */,
				1A01BCE228E2DA9200E45109 /* PlaceInfoEntities.swift in Sources */,
				1A01BCEB28E2DCB400E45109 /* MainEntities.swift in Sources */,
				1A5F7F1428E179CB0076DA84 /* MapRouter.swift in Sources */,
				1A5A238528E3E2F100B5AD58 /* LocationAPI.swift in Sources */,
				1A01BCE928E2DCA800E45109 /* MainInteractor.swift in Sources */,
				1A01BCEF28E2DCDB00E45109 /* MainRouter.swift in Sources */,
			);
			runOnlyForDeploymentPostprocessing = 0;
		};
		1A6C151F28D98BB700FEA44D /* Sources */ = {
			isa = PBXSourcesBuildPhase;
			buildActionMask = 2147483647;
			files = (
				1A6C152828D98BB700FEA44D /* SUUMO_App_DemoTests.swift in Sources */,
			);
			runOnlyForDeploymentPostprocessing = 0;
		};
		1A6C152928D98BB700FEA44D /* Sources */ = {
			isa = PBXSourcesBuildPhase;
			buildActionMask = 2147483647;
			files = (
				1A6C153228D98BB700FEA44D /* SUUMO_App_DemoUITests.swift in Sources */,
				1A6C153428D98BB700FEA44D /* SUUMO_App_DemoUITestsLaunchTests.swift in Sources */,
			);
			runOnlyForDeploymentPostprocessing = 0;
		};
/* End PBXSourcesBuildPhase section */

/* Begin PBXTargetDependency section */
		1A6C152528D98BB700FEA44D /* PBXTargetDependency */ = {
			isa = PBXTargetDependency;
			target = 1A6C150C28D98BB500FEA44D /* SUUMO App Demo */;
			targetProxy = 1A6C152428D98BB700FEA44D /* PBXContainerItemProxy */;
		};
		1A6C152F28D98BB700FEA44D /* PBXTargetDependency */ = {
			isa = PBXTargetDependency;
			target = 1A6C150C28D98BB500FEA44D /* SUUMO App Demo */;
			targetProxy = 1A6C152E28D98BB700FEA44D /* PBXContainerItemProxy */;
		};
/* End PBXTargetDependency section */

/* Begin PBXVariantGroup section */
		1A6C151628D98BB500FEA44D /* Main.storyboard */ = {
			isa = PBXVariantGroup;
			children = (
				1A6C151728D98BB500FEA44D /* Base */,
			);
			name = Main.storyboard;
			sourceTree = "<group>";
		};
		1A6C151B28D98BB700FEA44D /* LaunchScreen.storyboard */ = {
			isa = PBXVariantGroup;
			children = (
				1A6C151C28D98BB700FEA44D /* Base */,
			);
			name = LaunchScreen.storyboard;
			sourceTree = "<group>";
		};
/* End PBXVariantGroup section */

/* Begin XCBuildConfiguration section */
		1A6C153528D98BB700FEA44D /* Debug */ = {
			isa = XCBuildConfiguration;
			buildSettings = {
				ALWAYS_SEARCH_USER_PATHS = NO;
				CLANG_ANALYZER_NONNULL = YES;
				CLANG_ANALYZER_NUMBER_OBJECT_CONVERSION = YES_AGGRESSIVE;
				CLANG_CXX_LANGUAGE_STANDARD = "gnu++20";
				CLANG_ENABLE_MODULES = YES;
				CLANG_ENABLE_OBJC_ARC = YES;
				CLANG_ENABLE_OBJC_WEAK = YES;
				CLANG_WARN_BLOCK_CAPTURE_AUTORELEASING = YES;
				CLANG_WARN_BOOL_CONVERSION = YES;
				CLANG_WARN_COMMA = YES;
				CLANG_WARN_CONSTANT_CONVERSION = YES;
				CLANG_WARN_DEPRECATED_OBJC_IMPLEMENTATIONS = YES;
				CLANG_WARN_DIRECT_OBJC_ISA_USAGE = YES_ERROR;
				CLANG_WARN_DOCUMENTATION_COMMENTS = YES;
				CLANG_WARN_EMPTY_BODY = YES;
				CLANG_WARN_ENUM_CONVERSION = YES;
				CLANG_WARN_INFINITE_RECURSION = YES;
				CLANG_WARN_INT_CONVERSION = YES;
				CLANG_WARN_NON_LITERAL_NULL_CONVERSION = YES;
				CLANG_WARN_OBJC_IMPLICIT_RETAIN_SELF = YES;
				CLANG_WARN_OBJC_LITERAL_CONVERSION = YES;
				CLANG_WARN_OBJC_ROOT_CLASS = YES_ERROR;
				CLANG_WARN_QUOTED_INCLUDE_IN_FRAMEWORK_HEADER = YES;
				CLANG_WARN_RANGE_LOOP_ANALYSIS = YES;
				CLANG_WARN_STRICT_PROTOTYPES = YES;
				CLANG_WARN_SUSPICIOUS_MOVE = YES;
				CLANG_WARN_UNGUARDED_AVAILABILITY = YES_AGGRESSIVE;
				CLANG_WARN_UNREACHABLE_CODE = YES;
				CLANG_WARN__DUPLICATE_METHOD_MATCH = YES;
				COPY_PHASE_STRIP = NO;
				DEBUG_INFORMATION_FORMAT = dwarf;
				ENABLE_STRICT_OBJC_MSGSEND = YES;
				ENABLE_TESTABILITY = YES;
				GCC_C_LANGUAGE_STANDARD = gnu11;
				GCC_DYNAMIC_NO_PIC = NO;
				GCC_NO_COMMON_BLOCKS = YES;
				GCC_OPTIMIZATION_LEVEL = 0;
				GCC_PREPROCESSOR_DEFINITIONS = (
					"DEBUG=1",
					"$(inherited)",
				);
				GCC_WARN_64_TO_32_BIT_CONVERSION = YES;
				GCC_WARN_ABOUT_RETURN_TYPE = YES_ERROR;
				GCC_WARN_UNDECLARED_SELECTOR = YES;
				GCC_WARN_UNINITIALIZED_AUTOS = YES_AGGRESSIVE;
				GCC_WARN_UNUSED_FUNCTION = YES;
				GCC_WARN_UNUSED_VARIABLE = YES;
				IPHONEOS_DEPLOYMENT_TARGET = 16.0;
				MTL_ENABLE_DEBUG_INFO = INCLUDE_SOURCE;
				MTL_FAST_MATH = YES;
				ONLY_ACTIVE_ARCH = YES;
				SDKROOT = iphoneos;
				SWIFT_ACTIVE_COMPILATION_CONDITIONS = DEBUG;
				SWIFT_OPTIMIZATION_LEVEL = "-Onone";
			};
			name = Debug;
		};
		1A6C153628D98BB700FEA44D /* Release */ = {
			isa = XCBuildConfiguration;
			buildSettings = {
				ALWAYS_SEARCH_USER_PATHS = NO;
				CLANG_ANALYZER_NONNULL = YES;
				CLANG_ANALYZER_NUMBER_OBJECT_CONVERSION = YES_AGGRESSIVE;
				CLANG_CXX_LANGUAGE_STANDARD = "gnu++20";
				CLANG_ENABLE_MODULES = YES;
				CLANG_ENABLE_OBJC_ARC = YES;
				CLANG_ENABLE_OBJC_WEAK = YES;
				CLANG_WARN_BLOCK_CAPTURE_AUTORELEASING = YES;
				CLANG_WARN_BOOL_CONVERSION = YES;
				CLANG_WARN_COMMA = YES;
				CLANG_WARN_CONSTANT_CONVERSION = YES;
				CLANG_WARN_DEPRECATED_OBJC_IMPLEMENTATIONS = YES;
				CLANG_WARN_DIRECT_OBJC_ISA_USAGE = YES_ERROR;
				CLANG_WARN_DOCUMENTATION_COMMENTS = YES;
				CLANG_WARN_EMPTY_BODY = YES;
				CLANG_WARN_ENUM_CONVERSION = YES;
				CLANG_WARN_INFINITE_RECURSION = YES;
				CLANG_WARN_INT_CONVERSION = YES;
				CLANG_WARN_NON_LITERAL_NULL_CONVERSION = YES;
				CLANG_WARN_OBJC_IMPLICIT_RETAIN_SELF = YES;
				CLANG_WARN_OBJC_LITERAL_CONVERSION = YES;
				CLANG_WARN_OBJC_ROOT_CLASS = YES_ERROR;
				CLANG_WARN_QUOTED_INCLUDE_IN_FRAMEWORK_HEADER = YES;
				CLANG_WARN_RANGE_LOOP_ANALYSIS = YES;
				CLANG_WARN_STRICT_PROTOTYPES = YES;
				CLANG_WARN_SUSPICIOUS_MOVE = YES;
				CLANG_WARN_UNGUARDED_AVAILABILITY = YES_AGGRESSIVE;
				CLANG_WARN_UNREACHABLE_CODE = YES;
				CLANG_WARN__DUPLICATE_METHOD_MATCH = YES;
				COPY_PHASE_STRIP = NO;
				DEBUG_INFORMATION_FORMAT = "dwarf-with-dsym";
				ENABLE_NS_ASSERTIONS = NO;
				ENABLE_STRICT_OBJC_MSGSEND = YES;
				GCC_C_LANGUAGE_STANDARD = gnu11;
				GCC_NO_COMMON_BLOCKS = YES;
				GCC_WARN_64_TO_32_BIT_CONVERSION = YES;
				GCC_WARN_ABOUT_RETURN_TYPE = YES_ERROR;
				GCC_WARN_UNDECLARED_SELECTOR = YES;
				GCC_WARN_UNINITIALIZED_AUTOS = YES_AGGRESSIVE;
				GCC_WARN_UNUSED_FUNCTION = YES;
				GCC_WARN_UNUSED_VARIABLE = YES;
				IPHONEOS_DEPLOYMENT_TARGET = 16.0;
				MTL_ENABLE_DEBUG_INFO = NO;
				MTL_FAST_MATH = YES;
				SDKROOT = iphoneos;
				SWIFT_COMPILATION_MODE = wholemodule;
				SWIFT_OPTIMIZATION_LEVEL = "-O";
				VALIDATE_PRODUCT = YES;
			};
			name = Release;
		};
		1A6C153828D98BB700FEA44D /* Debug */ = {
			isa = XCBuildConfiguration;
			buildSettings = {
				ASSETCATALOG_COMPILER_APPICON_NAME = AppIcon;
				ASSETCATALOG_COMPILER_GLOBAL_ACCENT_COLOR_NAME = AccentColor;
				CODE_SIGN_STYLE = Automatic;
				CURRENT_PROJECT_VERSION = 1;
				DEVELOPMENT_TEAM = 4T82S9ZVAZ;
				GENERATE_INFOPLIST_FILE = YES;
				INFOPLIST_FILE = "SUUMO App Demo/Info.plist";
				INFOPLIST_KEY_UIApplicationSupportsIndirectInputEvents = YES;
				INFOPLIST_KEY_UILaunchStoryboardName = LaunchScreen;
				INFOPLIST_KEY_UIMainStoryboardFile = Main;
				INFOPLIST_KEY_UISupportedInterfaceOrientations_iPad = "UIInterfaceOrientationPortrait UIInterfaceOrientationPortraitUpsideDown UIInterfaceOrientationLandscapeLeft UIInterfaceOrientationLandscapeRight";
				INFOPLIST_KEY_UISupportedInterfaceOrientations_iPhone = "UIInterfaceOrientationPortrait UIInterfaceOrientationLandscapeLeft UIInterfaceOrientationLandscapeRight";
				LD_RUNPATH_SEARCH_PATHS = (
					"$(inherited)",
					"@executable_path/Frameworks",
				);
				MARKETING_VERSION = 1.0;
				PRODUCT_BUNDLE_IDENTIFIER = "com.hshing.SUUMO-App-Demo";
				PRODUCT_NAME = "$(TARGET_NAME)";
				SWIFT_EMIT_LOC_STRINGS = YES;
				SWIFT_VERSION = 5.0;
				TARGETED_DEVICE_FAMILY = "1,2";
			};
			name = Debug;
		};
		1A6C153928D98BB700FEA44D /* Release */ = {
			isa = XCBuildConfiguration;
			buildSettings = {
				ASSETCATALOG_COMPILER_APPICON_NAME = AppIcon;
				ASSETCATALOG_COMPILER_GLOBAL_ACCENT_COLOR_NAME = AccentColor;
				CODE_SIGN_STYLE = Automatic;
				CURRENT_PROJECT_VERSION = 1;
				DEVELOPMENT_TEAM = 4T82S9ZVAZ;
				GENERATE_INFOPLIST_FILE = YES;
				INFOPLIST_FILE = "SUUMO App Demo/Info.plist";
				INFOPLIST_KEY_UIApplicationSupportsIndirectInputEvents = YES;
				INFOPLIST_KEY_UILaunchStoryboardName = LaunchScreen;
				INFOPLIST_KEY_UIMainStoryboardFile = Main;
				INFOPLIST_KEY_UISupportedInterfaceOrientations_iPad = "UIInterfaceOrientationPortrait UIInterfaceOrientationPortraitUpsideDown UIInterfaceOrientationLandscapeLeft UIInterfaceOrientationLandscapeRight";
				INFOPLIST_KEY_UISupportedInterfaceOrientations_iPhone = "UIInterfaceOrientationPortrait UIInterfaceOrientationLandscapeLeft UIInterfaceOrientationLandscapeRight";
				LD_RUNPATH_SEARCH_PATHS = (
					"$(inherited)",
					"@executable_path/Frameworks",
				);
				MARKETING_VERSION = 1.0;
				PRODUCT_BUNDLE_IDENTIFIER = "com.hshing.SUUMO-App-Demo";
				PRODUCT_NAME = "$(TARGET_NAME)";
				SWIFT_EMIT_LOC_STRINGS = YES;
				SWIFT_VERSION = 5.0;
				TARGETED_DEVICE_FAMILY = "1,2";
			};
			name = Release;
		};
		1A6C153B28D98BB700FEA44D /* Debug */ = {
			isa = XCBuildConfiguration;
			buildSettings = {
				ALWAYS_EMBED_SWIFT_STANDARD_LIBRARIES = YES;
				BUNDLE_LOADER = "$(TEST_HOST)";
				CODE_SIGN_STYLE = Automatic;
				CURRENT_PROJECT_VERSION = 1;
				DEVELOPMENT_TEAM = 4T82S9ZVAZ;
				GENERATE_INFOPLIST_FILE = YES;
				IPHONEOS_DEPLOYMENT_TARGET = 16.0;
				MARKETING_VERSION = 1.0;
				PRODUCT_BUNDLE_IDENTIFIER = "com.hshing.SUUMO-App-DemoTests";
				PRODUCT_NAME = "$(TARGET_NAME)";
				SWIFT_EMIT_LOC_STRINGS = NO;
				SWIFT_VERSION = 5.0;
				TARGETED_DEVICE_FAMILY = "1,2";
				TEST_HOST = "$(BUILT_PRODUCTS_DIR)/SUUMO App Demo.app/$(BUNDLE_EXECUTABLE_FOLDER_PATH)/SUUMO App Demo";
			};
			name = Debug;
		};
		1A6C153C28D98BB700FEA44D /* Release */ = {
			isa = XCBuildConfiguration;
			buildSettings = {
				ALWAYS_EMBED_SWIFT_STANDARD_LIBRARIES = YES;
				BUNDLE_LOADER = "$(TEST_HOST)";
				CODE_SIGN_STYLE = Automatic;
				CURRENT_PROJECT_VERSION = 1;
				DEVELOPMENT_TEAM = 4T82S9ZVAZ;
				GENERATE_INFOPLIST_FILE = YES;
				IPHONEOS_DEPLOYMENT_TARGET = 16.0;
				MARKETING_VERSION = 1.0;
				PRODUCT_BUNDLE_IDENTIFIER = "com.hshing.SUUMO-App-DemoTests";
				PRODUCT_NAME = "$(TARGET_NAME)";
				SWIFT_EMIT_LOC_STRINGS = NO;
				SWIFT_VERSION = 5.0;
				TARGETED_DEVICE_FAMILY = "1,2";
				TEST_HOST = "$(BUILT_PRODUCTS_DIR)/SUUMO App Demo.app/$(BUNDLE_EXECUTABLE_FOLDER_PATH)/SUUMO App Demo";
			};
			name = Release;
		};
		1A6C153E28D98BB700FEA44D /* Debug */ = {
			isa = XCBuildConfiguration;
			buildSettings = {
				ALWAYS_EMBED_SWIFT_STANDARD_LIBRARIES = YES;
				CODE_SIGN_STYLE = Automatic;
				CURRENT_PROJECT_VERSION = 1;
				DEVELOPMENT_TEAM = 4T82S9ZVAZ;
				GENERATE_INFOPLIST_FILE = YES;
				MARKETING_VERSION = 1.0;
				PRODUCT_BUNDLE_IDENTIFIER = "com.hshing.SUUMO-App-DemoUITests";
				PRODUCT_NAME = "$(TARGET_NAME)";
				SWIFT_EMIT_LOC_STRINGS = NO;
				SWIFT_VERSION = 5.0;
				TARGETED_DEVICE_FAMILY = "1,2";
				TEST_TARGET_NAME = "SUUMO App Demo";
			};
			name = Debug;
		};
		1A6C153F28D98BB700FEA44D /* Release */ = {
			isa = XCBuildConfiguration;
			buildSettings = {
				ALWAYS_EMBED_SWIFT_STANDARD_LIBRARIES = YES;
				CODE_SIGN_STYLE = Automatic;
				CURRENT_PROJECT_VERSION = 1;
				DEVELOPMENT_TEAM = 4T82S9ZVAZ;
				GENERATE_INFOPLIST_FILE = YES;
				MARKETING_VERSION = 1.0;
				PRODUCT_BUNDLE_IDENTIFIER = "com.hshing.SUUMO-App-DemoUITests";
				PRODUCT_NAME = "$(TARGET_NAME)";
				SWIFT_EMIT_LOC_STRINGS = NO;
				SWIFT_VERSION = 5.0;
				TARGETED_DEVICE_FAMILY = "1,2";
				TEST_TARGET_NAME = "SUUMO App Demo";
			};
			name = Release;
		};
/* End XCBuildConfiguration section */

/* Begin XCConfigurationList section */
		1A6C150828D98BB500FEA44D /* Build configuration list for PBXProject "SUUMO App Demo" */ = {
			isa = XCConfigurationList;
			buildConfigurations = (
				1A6C153528D98BB700FEA44D /* Debug */,
				1A6C153628D98BB700FEA44D /* Release */,
			);
			defaultConfigurationIsVisible = 0;
			defaultConfigurationName = Release;
		};
		1A6C153728D98BB700FEA44D /* Build configuration list for PBXNativeTarget "SUUMO App Demo" */ = {
			isa = XCConfigurationList;
			buildConfigurations = (
				1A6C153828D98BB700FEA44D /* Debug */,
				1A6C153928D98BB700FEA44D /* Release */,
			);
			defaultConfigurationIsVisible = 0;
			defaultConfigurationName = Release;
		};
		1A6C153A28D98BB700FEA44D /* Build configuration list for PBXNativeTarget "SUUMO App DemoTests" */ = {
			isa = XCConfigurationList;
			buildConfigurations = (
				1A6C153B28D98BB700FEA44D /* Debug */,
				1A6C153C28D98BB700FEA44D /* Release */,
			);
			defaultConfigurationIsVisible = 0;
			defaultConfigurationName = Release;
		};
		1A6C153D28D98BB700FEA44D /* Build configuration list for PBXNativeTarget "SUUMO App DemoUITests" */ = {
			isa = XCConfigurationList;
			buildConfigurations = (
				1A6C153E28D98BB700FEA44D /* Debug */,
				1A6C153F28D98BB700FEA44D /* Release */,
			);
			defaultConfigurationIsVisible = 0;
			defaultConfigurationName = Release;
		};
/* End XCConfigurationList section */
	};
	rootObject = 1A6C150528D98BB500FEA44D /* Project object */;
}
