// !$*UTF8*$!
{
	archiveVersion = 1;
	classes = {
	};
	objectVersion = 55;
	objects = {

/* Begin PBXBuildFile section */
		1A1C0CFA2855400700EBBE35 /* LandmarkRow.swift in Sources */ = {isa = PBXBuildFile; fileRef = 1A1C0CF92855400700EBBE35 /* LandmarkRow.swift */; };
		1A52A4B5284C1968002E6258 /* Landmark.swift in Sources */ = {isa = PBXBuildFile; fileRef = 1A52A4B4284C1968002E6258 /* Landmark.swift */; };
		1A52A4B6284C1968002E6258 /* Landmark.swift in Sources */ = {isa = PBXBuildFile; fileRef = 1A52A4B4284C1968002E6258 /* Landmark.swift */; };
		1A52A4B8284C83C6002E6258 /* ModelData.swift in Sources */ = {isa = PBXBuildFile; fileRef = 1A52A4B7284C83C6002E6258 /* ModelData.swift */; };
		1A52A4B9284C83C6002E6258 /* ModelData.swift in Sources */ = {isa = PBXBuildFile; fileRef = 1A52A4B7284C83C6002E6258 /* ModelData.swift */; };
		1A7174762841F520002238B3 /* LandmarksApp.swift in Sources */ = {isa = PBXBuildFile; fileRef = 1A7174752841F520002238B3 /* LandmarksApp.swift */; };
		1A7174782841F520002238B3 /* ContentView.swift in Sources */ = {isa = PBXBuildFile; fileRef = 1A7174772841F520002238B3 /* ContentView.swift */; };
		1A71747A2841F522002238B3 /* Assets.xcassets in Resources */ = {isa = PBXBuildFile; fileRef = 1A7174792841F522002238B3 /* Assets.xcassets */; };
		1A71747D2841F522002238B3 /* Preview Assets.xcassets in Resources */ = {isa = PBXBuildFile; fileRef = 1A71747C2841F522002238B3 /* Preview Assets.xcassets */; };
		1A7174872841F522002238B3 /* LandmarksTests.swift in Sources */ = {isa = PBXBuildFile; fileRef = 1A7174862841F522002238B3 /* LandmarksTests.swift */; };
		1A7174912841F522002238B3 /* LandmarksUITests.swift in Sources */ = {isa = PBXBuildFile; fileRef = 1A7174902841F522002238B3 /* LandmarksUITests.swift */; };
		1A7174932841F522002238B3 /* LandmarksUITestsLaunchTests.swift in Sources */ = {isa = PBXBuildFile; fileRef = 1A7174922841F522002238B3 /* LandmarksUITestsLaunchTests.swift */; };
		1A7174A02841FE62002238B3 /* CircleImage.swift in Sources */ = {isa = PBXBuildFile; fileRef = 1A71749F2841FE62002238B3 /* CircleImage.swift */; };
		1A7174A228420026002238B3 /* MapView.swift in Sources */ = {isa = PBXBuildFile; fileRef = 1A7174A128420026002238B3 /* MapView.swift */; };
		1AD794FE28B9B9A900ABC3D2 /* landmarkData.json in Resources */ = {isa = PBXBuildFile; fileRef = 1A580FB028B9B01600619457 /* landmarkData.json */; };
/* End PBXBuildFile section */

/* Begin PBXContainerItemProxy section */
		1A7174832841F522002238B3 /* PBXContainerItemProxy */ = {
			isa = PBXContainerItemProxy;
			containerPortal = 1A71746A2841F520002238B3 /* Project object */;
			proxyType = 1;
			remoteGlobalIDString = 1A7174712841F520002238B3;
			remoteInfo = Landmarks;
		};
		1A71748D2841F522002238B3 /* PBXContainerItemProxy */ = {
			isa = PBXContainerItemProxy;
			containerPortal = 1A71746A2841F520002238B3 /* Project object */;
			proxyType = 1;
			remoteGlobalIDString = 1A7174712841F520002238B3;
			remoteInfo = Landmarks;
		};
/* End PBXContainerItemProxy section */

/* Begin PBXFileReference section */
		1A1C0CF92855400700EBBE35 /* LandmarkRow.swift */ = {isa = PBXFileReference; lastKnownFileType = sourcecode.swift; path = LandmarkRow.swift; sourceTree = "<group>"; };
		1A52A4B4284C1968002E6258 /* Landmark.swift */ = {isa = PBXFileReference; lastKnownFileType = sourcecode.swift; path = Landmark.swift; sourceTree = "<group>"; };
		1A52A4B7284C83C6002E6258 /* ModelData.swift */ = {isa = PBXFileReference; lastKnownFileType = sourcecode.swift; path = ModelData.swift; sourceTree = "<group>"; };
		1A580FB028B9B01600619457 /* landmarkData.json */ = {isa = PBXFileReference; fileEncoding = 4; lastKnownFileType = text.json; path = landmarkData.json; sourceTree = "<group>"; };
		1A7174722841F520002238B3 /* Landmarks.app */ = {isa = PBXFileReference; explicitFileType = wrapper.application; includeInIndex = 0; path = Landmarks.app; sourceTree = BUILT_PRODUCTS_DIR; };
		1A7174752841F520002238B3 /* LandmarksApp.swift */ = {isa = PBXFileReference; lastKnownFileType = sourcecode.swift; path = LandmarksApp.swift; sourceTree = "<group>"; };
		1A7174772841F520002238B3 /* ContentView.swift */ = {isa = PBXFileReference; lastKnownFileType = sourcecode.swift; path = ContentView.swift; sourceTree = "<group>"; };
		1A7174792841F522002238B3 /* Assets.xcassets */ = {isa = PBXFileReference; lastKnownFileType = folder.assetcatalog; path = Assets.xcassets; sourceTree = "<group>"; };
		1A71747C2841F522002238B3 /* Preview Assets.xcassets */ = {isa = PBXFileReference; lastKnownFileType = folder.assetcatalog; path = "Preview Assets.xcassets"; sourceTree = "<group>"; };
		1A7174822841F522002238B3 /* LandmarksTests.xctest */ = {isa = PBXFileReference; explicitFileType = wrapper.cfbundle; includeInIndex = 0; path = LandmarksTests.xctest; sourceTree = BUILT_PRODUCTS_DIR; };
		1A7174862841F522002238B3 /* LandmarksTests.swift */ = {isa = PBXFileReference; lastKnownFileType = sourcecode.swift; path = LandmarksTests.swift; sourceTree = "<group>"; };
		1A71748C2841F522002238B3 /* LandmarksUITests.xctest */ = {isa = PBXFileReference; explicitFileType = wrapper.cfbundle; includeInIndex = 0; path = LandmarksUITests.xctest; sourceTree = BUILT_PRODUCTS_DIR; };
		1A7174902841F522002238B3 /* LandmarksUITests.swift */ = {isa = PBXFileReference; lastKnownFileType = sourcecode.swift; path = LandmarksUITests.swift; sourceTree = "<group>"; };
		1A7174922841F522002238B3 /* LandmarksUITestsLaunchTests.swift */ = {isa = PBXFileReference; lastKnownFileType = sourcecode.swift; path = LandmarksUITestsLaunchTests.swift; sourceTree = "<group>"; };
		1A71749F2841FE62002238B3 /* CircleImage.swift */ = {isa = PBXFileReference; lastKnownFileType = sourcecode.swift; path = CircleImage.swift; sourceTree = "<group>"; };
		1A7174A128420026002238B3 /* MapView.swift */ = {isa = PBXFileReference; lastKnownFileType = sourcecode.swift; path = MapView.swift; sourceTree = "<group>"; };
/* End PBXFileReference section */

/* Begin PBXFrameworksBuildPhase section */
		1A71746F2841F520002238B3 /* Frameworks */ = {
			isa = PBXFrameworksBuildPhase;
			buildActionMask = 2147483647;
			files = (
			);
			runOnlyForDeploymentPostprocessing = 0;
		};
		1A71747F2841F522002238B3 /* Frameworks */ = {
			isa = PBXFrameworksBuildPhase;
			buildActionMask = 2147483647;
			files = (
			);
			runOnlyForDeploymentPostprocessing = 0;
		};
		1A7174892841F522002238B3 /* Frameworks */ = {
			isa = PBXFrameworksBuildPhase;
			buildActionMask = 2147483647;
			files = (
			);
			runOnlyForDeploymentPostprocessing = 0;
		};
/* End PBXFrameworksBuildPhase section */

/* Begin PBXGroup section */
		1A580FAF28B9B00100619457 /* Resources */ = {
			isa = PBXGroup;
			children = (
				1A580FB028B9B01600619457 /* landmarkData.json */,
			);
			path = Resources;
			sourceTree = "<group>";
		};
		1A6B7CA528553F73004B8BFB /* Views */ = {
			isa = PBXGroup;
			children = (
				1A7174772841F520002238B3 /* ContentView.swift */,
				1A71749F2841FE62002238B3 /* CircleImage.swift */,
				1A7174A128420026002238B3 /* MapView.swift */,
				1A1C0CF92855400700EBBE35 /* LandmarkRow.swift */,
			);
			path = Views;
			sourceTree = "<group>";
		};
		1A6B7CA628553F85004B8BFB /* Model */ = {
			isa = PBXGroup;
			children = (
				1A52A4B4284C1968002E6258 /* Landmark.swift */,
				1A52A4B7284C83C6002E6258 /* ModelData.swift */,
			);
			path = Model;
			sourceTree = "<group>";
		};
		1A7174692841F520002238B3 = {
			isa = PBXGroup;
			children = (
				1A7174742841F520002238B3 /* Landmarks */,
				1A7174852841F522002238B3 /* LandmarksTests */,
				1A71748F2841F522002238B3 /* LandmarksUITests */,
				1A7174732841F520002238B3 /* Products */,
			);
			sourceTree = "<group>";
		};
		1A7174732841F520002238B3 /* Products */ = {
			isa = PBXGroup;
			children = (
				1A7174722841F520002238B3 /* Landmarks.app */,
				1A7174822841F522002238B3 /* LandmarksTests.xctest */,
				1A71748C2841F522002238B3 /* LandmarksUITests.xctest */,
			);
			name = Products;
			sourceTree = "<group>";
		};
		1A7174742841F520002238B3 /* Landmarks */ = {
			isa = PBXGroup;
			children = (
				1A7174752841F520002238B3 /* LandmarksApp.swift */,
				1A580FAF28B9B00100619457 /* Resources */,
				1A6B7CA528553F73004B8BFB /* Views */,
				1A6B7CA628553F85004B8BFB /* Model */,
				1A7174792841F522002238B3 /* Assets.xcassets */,
				1A71747B2841F522002238B3 /* Preview Content */,
			);
			path = Landmarks;
			sourceTree = "<group>";
		};
		1A71747B2841F522002238B3 /* Preview Content */ = {
			isa = PBXGroup;
			children = (
				1A71747C2841F522002238B3 /* Preview Assets.xcassets */,
			);
			path = "Preview Content";
			sourceTree = "<group>";
		};
		1A7174852841F522002238B3 /* LandmarksTests */ = {
			isa = PBXGroup;
			children = (
				1A7174862841F522002238B3 /* LandmarksTests.swift */,
			);
			path = LandmarksTests;
			sourceTree = "<group>";
		};
		1A71748F2841F522002238B3 /* LandmarksUITests */ = {
			isa = PBXGroup;
			children = (
				1A7174902841F522002238B3 /* LandmarksUITests.swift */,
				1A7174922841F522002238B3 /* LandmarksUITestsLaunchTests.swift */,
			);
			path = LandmarksUITests;
			sourceTree = "<group>";
		};
/* End PBXGroup section */

/* Begin PBXNativeTarget section */
		1A7174712841F520002238B3 /* Landmarks */ = {
			isa = PBXNativeTarget;
			buildConfigurationList = 1A7174962841F522002238B3 /* Build configuration list for PBXNativeTarget "Landmarks" */;
			buildPhases = (
				1A71746E2841F520002238B3 /* Sources */,
				1A71746F2841F520002238B3 /* Frameworks */,
				1A7174702841F520002238B3 /* Resources */,
			);
			buildRules = (
			);
			dependencies = (
			);
			name = Landmarks;
			productName = Landmarks;
			productReference = 1A7174722841F520002238B3 /* Landmarks.app */;
			productType = "com.apple.product-type.application";
		};
		1A7174812841F522002238B3 /* LandmarksTests */ = {
			isa = PBXNativeTarget;
			buildConfigurationList = 1A7174992841F522002238B3 /* Build configuration list for PBXNativeTarget "LandmarksTests" */;
			buildPhases = (
				1A71747E2841F522002238B3 /* Sources */,
				1A71747F2841F522002238B3 /* Frameworks */,
				1A7174802841F522002238B3 /* Resources */,
			);
			buildRules = (
			);
			dependencies = (
				1A7174842841F522002238B3 /* PBXTargetDependency */,
			);
			name = LandmarksTests;
			productName = LandmarksTests;
			productReference = 1A7174822841F522002238B3 /* LandmarksTests.xctest */;
			productType = "com.apple.product-type.bundle.unit-test";
		};
		1A71748B2841F522002238B3 /* LandmarksUITests */ = {
			isa = PBXNativeTarget;
			buildConfigurationList = 1A71749C2841F522002238B3 /* Build configuration list for PBXNativeTarget "LandmarksUITests" */;
			buildPhases = (
				1A7174882841F522002238B3 /* Sources */,
				1A7174892841F522002238B3 /* Frameworks */,
				1A71748A2841F522002238B3 /* Resources */,
			);
			buildRules = (
			);
			dependencies = (
				1A71748E2841F522002238B3 /* PBXTargetDependency */,
			);
			name = LandmarksUITests;
			productName = LandmarksUITests;
			productReference = 1A71748C2841F522002238B3 /* LandmarksUITests.xctest */;
			productType = "com.apple.product-type.bundle.ui-testing";
		};
/* End PBXNativeTarget section */

/* Begin PBXProject section */
		1A71746A2841F520002238B3 /* Project object */ = {
			isa = PBXProject;
			attributes = {
				BuildIndependentTargetsInParallel = 1;
				LastSwiftUpdateCheck = 1340;
				LastUpgradeCheck = 1340;
				TargetAttributes = {
					1A7174712841F520002238B3 = {
						CreatedOnToolsVersion = 13.4;
					};
					1A7174812841F522002238B3 = {
						CreatedOnToolsVersion = 13.4;
						TestTargetID = 1A7174712841F520002238B3;
					};
					1A71748B2841F522002238B3 = {
						CreatedOnToolsVersion = 13.4;
						TestTargetID = 1A7174712841F520002238B3;
					};
				};
			};
			buildConfigurationList = 1A71746D2841F520002238B3 /* Build configuration list for PBXProject "Landmarks" */;
			compatibilityVersion = "Xcode 13.0";
			developmentRegion = en;
			hasScannedForEncodings = 0;
			knownRegions = (
				en,
				Base,
			);
			mainGroup = 1A7174692841F520002238B3;
			productRefGroup = 1A7174732841F520002238B3 /* Products */;
			projectDirPath = "";
			projectRoot = "";
			targets = (
				1A7174712841F520002238B3 /* Landmarks */,
				1A7174812841F522002238B3 /* LandmarksTests */,
				1A71748B2841F522002238B3 /* LandmarksUITests */,
			);
		};
/* End PBXProject section */

/* Begin PBXResourcesBuildPhase section */
		1A7174702841F520002238B3 /* Resources */ = {
			isa = PBXResourcesBuildPhase;
			buildActionMask = 2147483647;
			files = (
				1AD794FE28B9B9A900ABC3D2 /* landmarkData.json in Resources */,
				1A71747D2841F522002238B3 /* Preview Assets.xcassets in Resources */,
				1A71747A2841F522002238B3 /* Assets.xcassets in Resources */,
			);
			runOnlyForDeploymentPostprocessing = 0;
		};
		1A7174802841F522002238B3 /* Resources */ = {
			isa = PBXResourcesBuildPhase;
			buildActionMask = 2147483647;
			files = (
			);
			runOnlyForDeploymentPostprocessing = 0;
		};
		1A71748A2841F522002238B3 /* Resources */ = {
			isa = PBXResourcesBuildPhase;
			buildActionMask = 2147483647;
			files = (
			);
			runOnlyForDeploymentPostprocessing = 0;
		};
/* End PBXResourcesBuildPhase section */

/* Begin PBXSourcesBuildPhase section */
		1A71746E2841F520002238B3 /* Sources */ = {
			isa = PBXSourcesBuildPhase;
			buildActionMask = 2147483647;
			files = (
				1A7174782841F520002238B3 /* ContentView.swift in Sources */,
				1A7174A228420026002238B3 /* MapView.swift in Sources */,
				1A7174762841F520002238B3 /* LandmarksApp.swift in Sources */,
				1A7174A02841FE62002238B3 /* CircleImage.swift in Sources */,
				1A52A4B5284C1968002E6258 /* Landmark.swift in Sources */,
				1A1C0CFA2855400700EBBE35 /* LandmarkRow.swift in Sources */,
				1A52A4B8284C83C6002E6258 /* ModelData.swift in Sources */,
			);
			runOnlyForDeploymentPostprocessing = 0;
		};
		1A71747E2841F522002238B3 /* Sources */ = {
			isa = PBXSourcesBuildPhase;
			buildActionMask = 2147483647;
			files = (
				1A7174872841F522002238B3 /* LandmarksTests.swift in Sources */,
			);
			runOnlyForDeploymentPostprocessing = 0;
		};
		1A7174882841F522002238B3 /* Sources */ = {
			isa = PBXSourcesBuildPhase;
			buildActionMask = 2147483647;
			files = (
				1A7174932841F522002238B3 /* LandmarksUITestsLaunchTests.swift in Sources */,
				1A52A4B9284C83C6002E6258 /* ModelData.swift in Sources */,
				1A7174912841F522002238B3 /* LandmarksUITests.swift in Sources */,
				1A52A4B6284C1968002E6258 /* Landmark.swift in Sources */,
			);
			runOnlyForDeploymentPostprocessing = 0;
		};
/* End PBXSourcesBuildPhase section */

/* Begin PBXTargetDependency section */
		1A7174842841F522002238B3 /* PBXTargetDependency */ = {
			isa = PBXTargetDependency;
			target = 1A7174712841F520002238B3 /* Landmarks */;
			targetProxy = 1A7174832841F522002238B3 /* PBXContainerItemProxy */;
		};
		1A71748E2841F522002238B3 /* PBXTargetDependency */ = {
			isa = PBXTargetDependency;
			target = 1A7174712841F520002238B3 /* Landmarks */;
			targetProxy = 1A71748D2841F522002238B3 /* PBXContainerItemProxy */;
		};
/* End PBXTargetDependency section */

/* Begin XCBuildConfiguration section */
		1A7174942841F522002238B3 /* Debug */ = {
			isa = XCBuildConfiguration;
			buildSettings = {
				ALWAYS_SEARCH_USER_PATHS = NO;
				CLANG_ANALYZER_NONNULL = YES;
				CLANG_ANALYZER_NUMBER_OBJECT_CONVERSION = YES_AGGRESSIVE;
				CLANG_CXX_LANGUAGE_STANDARD = "gnu++17";
				CLANG_ENABLE_MODULES = YES;
				CLANG_ENABLE_OBJC_ARC = YES;
				CLANG_ENABLE_OBJC_WEAK = YES;
				CLANG_WARN_BLOCK_CAPTURE_AUTORELEASING = YES;
				CLANG_WARN_BOOL_CONVERSION = YES;
				CLANG_WARN_COMMA = YES;
				CLANG_WARN_CONSTANT_CONVERSION = YES;
				CLANG_WARN_DEPRECATED_OBJC_IMPLEMENTATIONS = YES;
				CLANG_WARN_DIRECT_OBJC_ISA_USAGE = YES_ERROR;
				CLANG_WARN_DOCUMENTATION_COMMENTS = YES;
				CLANG_WARN_EMPTY_BODY = YES;
				CLANG_WARN_ENUM_CONVERSION = YES;
				CLANG_WARN_INFINITE_RECURSION = YES;
				CLANG_WARN_INT_CONVERSION = YES;
				CLANG_WARN_NON_LITERAL_NULL_CONVERSION = YES;
				CLANG_WARN_OBJC_IMPLICIT_RETAIN_SELF = YES;
				CLANG_WARN_OBJC_LITERAL_CONVERSION = YES;
				CLANG_WARN_OBJC_ROOT_CLASS = YES_ERROR;
				CLANG_WARN_QUOTED_INCLUDE_IN_FRAMEWORK_HEADER = YES;
				CLANG_WARN_RANGE_LOOP_ANALYSIS = YES;
				CLANG_WARN_STRICT_PROTOTYPES = YES;
				CLANG_WARN_SUSPICIOUS_MOVE = YES;
				CLANG_WARN_UNGUARDED_AVAILABILITY = YES_AGGRESSIVE;
				CLANG_WARN_UNREACHABLE_CODE = YES;
				CLANG_WARN__DUPLICATE_METHOD_MATCH = YES;
				COPY_PHASE_STRIP = NO;
				DEBUG_INFORMATION_FORMAT = dwarf;
				ENABLE_STRICT_OBJC_MSGSEND = YES;
				ENABLE_TESTABILITY = YES;
				GCC_C_LANGUAGE_STANDARD = gnu11;
				GCC_DYNAMIC_NO_PIC = NO;
				GCC_NO_COMMON_BLOCKS = YES;
				GCC_OPTIMIZATION_LEVEL = 0;
				GCC_PREPROCESSOR_DEFINITIONS = (
					"DEBUG=1",
					"$(inherited)",
				);
				GCC_WARN_64_TO_32_BIT_CONVERSION = YES;
				GCC_WARN_ABOUT_RETURN_TYPE = YES_ERROR;
				GCC_WARN_UNDECLARED_SELECTOR = YES;
				GCC_WARN_UNINITIALIZED_AUTOS = YES_AGGRESSIVE;
				GCC_WARN_UNUSED_FUNCTION = YES;
				GCC_WARN_UNUSED_VARIABLE = YES;
				IPHONEOS_DEPLOYMENT_TARGET = 15.5;
				MTL_ENABLE_DEBUG_INFO = INCLUDE_SOURCE;
				MTL_FAST_MATH = YES;
				ONLY_ACTIVE_ARCH = YES;
				SDKROOT = iphoneos;
				SWIFT_ACTIVE_COMPILATION_CONDITIONS = DEBUG;
				SWIFT_OPTIMIZATION_LEVEL = "-Onone";
			};
			name = Debug;
		};
		1A7174952841F522002238B3 /* Release */ = {
			isa = XCBuildConfiguration;
			buildSettings = {
				ALWAYS_SEARCH_USER_PATHS = NO;
				CLANG_ANALYZER_NONNULL = YES;
				CLANG_ANALYZER_NUMBER_OBJECT_CONVERSION = YES_AGGRESSIVE;
				CLANG_CXX_LANGUAGE_STANDARD = "gnu++17";
				CLANG_ENABLE_MODULES = YES;
				CLANG_ENABLE_OBJC_ARC = YES;
				CLANG_ENABLE_OBJC_WEAK = YES;
				CLANG_WARN_BLOCK_CAPTURE_AUTORELEASING = YES;
				CLANG_WARN_BOOL_CONVERSION = YES;
				CLANG_WARN_COMMA = YES;
				CLANG_WARN_CONSTANT_CONVERSION = YES;
				CLANG_WARN_DEPRECATED_OBJC_IMPLEMENTATIONS = YES;
				CLANG_WARN_DIRECT_OBJC_ISA_USAGE = YES_ERROR;
				CLANG_WARN_DOCUMENTATION_COMMENTS = YES;
				CLANG_WARN_EMPTY_BODY = YES;
				CLANG_WARN_ENUM_CONVERSION = YES;
				CLANG_WARN_INFINITE_RECURSION = YES;
				CLANG_WARN_INT_CONVERSION = YES;
				CLANG_WARN_NON_LITERAL_NULL_CONVERSION = YES;
				CLANG_WARN_OBJC_IMPLICIT_RETAIN_SELF = YES;
				CLANG_WARN_OBJC_LITERAL_CONVERSION = YES;
				CLANG_WARN_OBJC_ROOT_CLASS = YES_ERROR;
				CLANG_WARN_QUOTED_INCLUDE_IN_FRAMEWORK_HEADER = YES;
				CLANG_WARN_RANGE_LOOP_ANALYSIS = YES;
				CLANG_WARN_STRICT_PROTOTYPES = YES;
				CLANG_WARN_SUSPICIOUS_MOVE = YES;
				CLANG_WARN_UNGUARDED_AVAILABILITY = YES_AGGRESSIVE;
				CLANG_WARN_UNREACHABLE_CODE = YES;
				CLANG_WARN__DUPLICATE_METHOD_MATCH = YES;
				COPY_PHASE_STRIP = NO;
				DEBUG_INFORMATION_FORMAT = "dwarf-with-dsym";
				ENABLE_NS_ASSERTIONS = NO;
				ENABLE_STRICT_OBJC_MSGSEND = YES;
				GCC_C_LANGUAGE_STANDARD = gnu11;
				GCC_NO_COMMON_BLOCKS = YES;
				GCC_WARN_64_TO_32_BIT_CONVERSION = YES;
				GCC_WARN_ABOUT_RETURN_TYPE = YES_ERROR;
				GCC_WARN_UNDECLARED_SELECTOR = YES;
				GCC_WARN_UNINITIALIZED_AUTOS = YES_AGGRESSIVE;
				GCC_WARN_UNUSED_FUNCTION = YES;
				GCC_WARN_UNUSED_VARIABLE = YES;
				IPHONEOS_DEPLOYMENT_TARGET = 15.5;
				MTL_ENABLE_DEBUG_INFO = NO;
				MTL_FAST_MATH = YES;
				SDKROOT = iphoneos;
				SWIFT_COMPILATION_MODE = wholemodule;
				SWIFT_OPTIMIZATION_LEVEL = "-O";
				VALIDATE_PRODUCT = YES;
			};
			name = Release;
		};
		1A7174972841F522002238B3 /* Debug */ = {
			isa = XCBuildConfiguration;
			buildSettings = {
				ASSETCATALOG_COMPILER_APPICON_NAME = AppIcon;
				ASSETCATALOG_COMPILER_GLOBAL_ACCENT_COLOR_NAME = AccentColor;
				CODE_SIGN_STYLE = Automatic;
				CURRENT_PROJECT_VERSION = 1;
				DEVELOPMENT_ASSET_PATHS = "\"Landmarks/Preview Content\"";
				DEVELOPMENT_TEAM = 4T82S9ZVAZ;
				ENABLE_PREVIEWS = YES;
				GENERATE_INFOPLIST_FILE = YES;
				INFOPLIST_KEY_UIApplicationSceneManifest_Generation = YES;
				INFOPLIST_KEY_UIApplicationSupportsIndirectInputEvents = YES;
				INFOPLIST_KEY_UILaunchScreen_Generation = YES;
				INFOPLIST_KEY_UISupportedInterfaceOrientations_iPad = "UIInterfaceOrientationPortrait UIInterfaceOrientationPortraitUpsideDown UIInterfaceOrientationLandscapeLeft UIInterfaceOrientationLandscapeRight";
				INFOPLIST_KEY_UISupportedInterfaceOrientations_iPhone = "UIInterfaceOrientationPortrait UIInterfaceOrientationLandscapeLeft UIInterfaceOrientationLandscapeRight";
				LD_RUNPATH_SEARCH_PATHS = (
					"$(inherited)",
					"@executable_path/Frameworks",
				);
				MARKETING_VERSION = 1.0;
				PRODUCT_BUNDLE_IDENTIFIER = com.hshing.Landmarks;
				PRODUCT_NAME = "$(TARGET_NAME)";
				SWIFT_EMIT_LOC_STRINGS = YES;
				SWIFT_VERSION = 5.0;
				TARGETED_DEVICE_FAMILY = "1,2";
			};
			name = Debug;
		};
		1A7174982841F522002238B3 /* Release */ = {
			isa = XCBuildConfiguration;
			buildSettings = {
				ASSETCATALOG_COMPILER_APPICON_NAME = AppIcon;
				ASSETCATALOG_COMPILER_GLOBAL_ACCENT_COLOR_NAME = AccentColor;
				CODE_SIGN_STYLE = Automatic;
				CURRENT_PROJECT_VERSION = 1;
				DEVELOPMENT_ASSET_PATHS = "\"Landmarks/Preview Content\"";
				DEVELOPMENT_TEAM = 4T82S9ZVAZ;
				ENABLE_PREVIEWS = YES;
				GENERATE_INFOPLIST_FILE = YES;
				INFOPLIST_KEY_UIApplicationSceneManifest_Generation = YES;
				INFOPLIST_KEY_UIApplicationSupportsIndirectInputEvents = YES;
				INFOPLIST_KEY_UILaunchScreen_Generation = YES;
				INFOPLIST_KEY_UISupportedInterfaceOrientations_iPad = "UIInterfaceOrientationPortrait UIInterfaceOrientationPortraitUpsideDown UIInterfaceOrientationLandscapeLeft UIInterfaceOrientationLandscapeRight";
				INFOPLIST_KEY_UISupportedInterfaceOrientations_iPhone = "UIInterfaceOrientationPortrait UIInterfaceOrientationLandscapeLeft UIInterfaceOrientationLandscapeRight";
				LD_RUNPATH_SEARCH_PATHS = (
					"$(inherited)",
					"@executable_path/Frameworks",
				);
				MARKETING_VERSION = 1.0;
				PRODUCT_BUNDLE_IDENTIFIER = com.hshing.Landmarks;
				PRODUCT_NAME = "$(TARGET_NAME)";
				SWIFT_EMIT_LOC_STRINGS = YES;
				SWIFT_VERSION = 5.0;
				TARGETED_DEVICE_FAMILY = "1,2";
			};
			name = Release;
		};
		1A71749A2841F522002238B3 /* Debug */ = {
			isa = XCBuildConfiguration;
			buildSettings = {
				ALWAYS_EMBED_SWIFT_STANDARD_LIBRARIES = YES;
				BUNDLE_LOADER = "$(TEST_HOST)";
				CODE_SIGN_STYLE = Automatic;
				CURRENT_PROJECT_VERSION = 1;
				DEVELOPMENT_TEAM = 4T82S9ZVAZ;
				GENERATE_INFOPLIST_FILE = YES;
				IPHONEOS_DEPLOYMENT_TARGET = 15.5;
				MARKETING_VERSION = 1.0;
				PRODUCT_BUNDLE_IDENTIFIER = com.hshing.LandmarksTests;
				PRODUCT_NAME = "$(TARGET_NAME)";
				SWIFT_EMIT_LOC_STRINGS = NO;
				SWIFT_VERSION = 5.0;
				TARGETED_DEVICE_FAMILY = "1,2";
				TEST_HOST = "$(BUILT_PRODUCTS_DIR)/Landmarks.app/Landmarks";
			};
			name = Debug;
		};
		1A71749B2841F522002238B3 /* Release */ = {
			isa = XCBuildConfiguration;
			buildSettings = {
				ALWAYS_EMBED_SWIFT_STANDARD_LIBRARIES = YES;
				BUNDLE_LOADER = "$(TEST_HOST)";
				CODE_SIGN_STYLE = Automatic;
				CURRENT_PROJECT_VERSION = 1;
				DEVELOPMENT_TEAM = 4T82S9ZVAZ;
				GENERATE_INFOPLIST_FILE = YES;
				IPHONEOS_DEPLOYMENT_TARGET = 15.5;
				MARKETING_VERSION = 1.0;
				PRODUCT_BUNDLE_IDENTIFIER = com.hshing.LandmarksTests;
				PRODUCT_NAME = "$(TARGET_NAME)";
				SWIFT_EMIT_LOC_STRINGS = NO;
				SWIFT_VERSION = 5.0;
				TARGETED_DEVICE_FAMILY = "1,2";
				TEST_HOST = "$(BUILT_PRODUCTS_DIR)/Landmarks.app/Landmarks";
			};
			name = Release;
		};
		1A71749D2841F522002238B3 /* Debug */ = {
			isa = XCBuildConfiguration;
			buildSettings = {
				ALWAYS_EMBED_SWIFT_STANDARD_LIBRARIES = YES;
				CODE_SIGN_STYLE = Automatic;
				CURRENT_PROJECT_VERSION = 1;
				DEVELOPMENT_TEAM = 4T82S9ZVAZ;
				GENERATE_INFOPLIST_FILE = YES;
				MARKETING_VERSION = 1.0;
				PRODUCT_BUNDLE_IDENTIFIER = com.hshing.LandmarksUITests;
				PRODUCT_NAME = "$(TARGET_NAME)";
				SWIFT_EMIT_LOC_STRINGS = NO;
				SWIFT_VERSION = 5.0;
				TARGETED_DEVICE_FAMILY = "1,2";
				TEST_TARGET_NAME = Landmarks;
			};
			name = Debug;
		};
		1A71749E2841F522002238B3 /* Release */ = {
			isa = XCBuildConfiguration;
			buildSettings = {
				ALWAYS_EMBED_SWIFT_STANDARD_LIBRARIES = YES;
				CODE_SIGN_STYLE = Automatic;
				CURRENT_PROJECT_VERSION = 1;
				DEVELOPMENT_TEAM = 4T82S9ZVAZ;
				GENERATE_INFOPLIST_FILE = YES;
				MARKETING_VERSION = 1.0;
				PRODUCT_BUNDLE_IDENTIFIER = com.hshing.LandmarksUITests;
				PRODUCT_NAME = "$(TARGET_NAME)";
				SWIFT_EMIT_LOC_STRINGS = NO;
				SWIFT_VERSION = 5.0;
				TARGETED_DEVICE_FAMILY = "1,2";
				TEST_TARGET_NAME = Landmarks;
			};
			name = Release;
		};
/* End XCBuildConfiguration section */

/* Begin XCConfigurationList section */
		1A71746D2841F520002238B3 /* Build configuration list for PBXProject "Landmarks" */ = {
			isa = XCConfigurationList;
			buildConfigurations = (
				1A7174942841F522002238B3 /* Debug */,
				1A7174952841F522002238B3 /* Release */,
			);
			defaultConfigurationIsVisible = 0;
			defaultConfigurationName = Release;
		};
		1A7174962841F522002238B3 /* Build configuration list for PBXNativeTarget "Landmarks" */ = {
			isa = XCConfigurationList;
			buildConfigurations = (
				1A7174972841F522002238B3 /* Debug */,
				1A7174982841F522002238B3 /* Release */,
			);
			defaultConfigurationIsVisible = 0;
			defaultConfigurationName = Release;
		};
		1A7174992841F522002238B3 /* Build configuration list for PBXNativeTarget "LandmarksTests" */ = {
			isa = XCConfigurationList;
			buildConfigurations = (
				1A71749A2841F522002238B3 /* Debug */,
				1A71749B2841F522002238B3 /* Release */,
			);
			defaultConfigurationIsVisible = 0;
			defaultConfigurationName = Release;
		};
		1A71749C2841F522002238B3 /* Build configuration list for PBXNativeTarget "LandmarksUITests" */ = {
			isa = XCConfigurationList;
			buildConfigurations = (
				1A71749D2841F522002238B3 /* Debug */,
				1A71749E2841F522002238B3 /* Release */,
			);
			defaultConfigurationIsVisible = 0;
			defaultConfigurationName = Release;
		};
/* End XCConfigurationList section */
	};
	rootObject = 1A71746A2841F520002238B3 /* Project object */;
}
